
Microsoft Visual Studio Solution File, Format Version 12.00
# Visual Studio Version 17
VisualStudioVersion = 17.9.34723.18
MinimumVisualStudioVersion = 10.0.40219.1
Project("{FAE04EC0-301F-11D3-BF4B-00C04F79EFBC}") = "web", "web\web.csproj", "{272B6C29-3342-4780-8D1E-8C56D22F0DF5}"
EndProject
Project("{FAE04EC0-301F-11D3-BF4B-00C04F79EFBC}") = "LoadedByReflection", "LoadedByReflection\LoadedByReflection.csproj", "{64E6953C-3A00-4113-AB13-FBCC937AEA0D}"
EndProject
Project("{FAE04EC0-301F-11D3-BF4B-00C04F79EFBC}") = "Dominio", "Dominio\Dominio.csproj", "{8488BAFE-113C-40F0-88C0-9D4F1389EF5A}"
EndProject
Global
	GlobalSection(SolutionConfigurationPlatforms) = preSolution
		Debug|Any CPU = Debug|Any CPU
		Release|Any CPU = Release|Any CPU
	EndGlobalSection
	GlobalSection(ProjectConfigurationPlatforms) = postSolution
		{272B6C29-3342-4780-8D1E-8C56D22F0DF5}.Debug|Any CPU.ActiveCfg = Debug|Any CPU
		{272B6C29-3342-4780-8D1E-8C56D22F0DF5}.Debug|Any CPU.Build.0 = Debug|Any CPU
		{272B6C29-3342-4780-8D1E-8C56D22F0DF5}.Release|Any CPU.ActiveCfg = Release|Any CPU
		{272B6C29-3342-4780-8D1E-8C56D22F0DF5}.Release|Any CPU.Build.0 = Release|Any CPU
		{64E6953C-3A00-4113-AB13-FBCC937AEA0D}.Debug|Any CPU.ActiveCfg = Debug|Any CPU
		{64E6953C-3A00-4113-AB13-FBCC937AEA0D}.Debug|Any CPU.Build.0 = Debug|Any CPU
		{64E6953C-3A00-4113-AB13-FBCC937AEA0D}.Release|Any CPU.ActiveCfg = Release|Any CPU
		{64E6953C-3A00-4113-AB13-FBCC937AEA0D}.Release|Any CPU.Build.0 = Release|Any CPU
		{8488BAFE-113C-40F0-88C0-9D4F1389EF5A}.Debug|Any CPU.ActiveCfg = Debug|Any CPU
		{8488BAFE-113C-40F0-88C0-9D4F1389EF5A}.Debug|Any CPU.Build.0 = Debug|Any CPU
		{8488BAFE-113C-40F0-88C0-9D4F1389EF5A}.Release|Any CPU.ActiveCfg = Release|Any CPU
		{8488BAFE-113C-40F0-88C0-9D4F1389EF5A}.Release|Any CPU.Build.0 = Release|Any CPU
	EndGlobalSection
	GlobalSection(SolutionProperties) = preSolution
		HideSolutionNode = FALSE
	EndGlobalSection
	GlobalSection(ExtensibilityGlobals) = postSolution
		SolutionGuid = {98FE2673-5AF2-4DC1-8816-1C11C40859C1}
	EndGlobalSection
EndGlobal
